// !$*UTF8*$!
{
	archiveVersion = 1;
	classes = {
	};
	objectVersion = 56;
	objects = {

/* Begin PBXBuildFile section */
		D5F769BC2AA8ED3D00EDE110 /* AppDelegate.swift in Sources */ = {isa = PBXBuildFile; fileRef = D5F769BB2AA8ED3D00EDE110 /* AppDelegate.swift */; };
		D5F769BE2AA8ED3D00EDE110 /* SceneDelegate.swift in Sources */ = {isa = PBXBuildFile; fileRef = D5F769BD2AA8ED3D00EDE110 /* SceneDelegate.swift */; };
		D5F769C02AA8ED3D00EDE110 /* ViewController.swift in Sources */ = {isa = PBXBuildFile; fileRef = D5F769BF2AA8ED3D00EDE110 /* ViewController.swift */; };
		D5F769C32AA8ED3D00EDE110 /* Main.storyboard in Resources */ = {isa = PBXBuildFile; fileRef = D5F769C12AA8ED3D00EDE110 /* Main.storyboard */; };
		D5F769C52AA8ED4000EDE110 /* Assets.xcassets in Resources */ = {isa = PBXBuildFile; fileRef = D5F769C42AA8ED4000EDE110 /* Assets.xcassets */; };
		D5F769C82AA8ED4000EDE110 /* LaunchScreen.storyboard in Resources */ = {isa = PBXBuildFile; fileRef = D5F769C62AA8ED4000EDE110 /* LaunchScreen.storyboard */; };
		D5F769D12AA8ED9F00EDE110 /* SpringAnimation in Frameworks */ = {isa = PBXBuildFile; productRef = D5F769D02AA8ED9F00EDE110 /* SpringAnimation */; };
		D5F769D32AA8FDBA00EDE110 /* Animation.swift in Sources */ = {isa = PBXBuildFile; fileRef = D5F769D22AA8FDBA00EDE110 /* Animation.swift */; };
		D5F769D52AA8FDC400EDE110 /* DataStore.swift in Sources */ = {isa = PBXBuildFile; fileRef = D5F769D42AA8FDC400EDE110 /* DataStore.swift */; };
/* End PBXBuildFile section */

/* Begin PBXFileReference section */
		D5F769B82AA8ED3D00EDE110 /* RandomAnimationApp.app */ = {isa = PBXFileReference; explicitFileType = wrapper.application; includeInIndex = 0; path = RandomAnimationApp.app; sourceTree = BUILT_PRODUCTS_DIR; };
		D5F769BB2AA8ED3D00EDE110 /* AppDelegate.swift */ = {isa = PBXFileReference; lastKnownFileType = sourcecode.swift; path = AppDelegate.swift; sourceTree = "<group>"; };
		D5F769BD2AA8ED3D00EDE110 /* SceneDelegate.swift */ = {isa = PBXFileReference; lastKnownFileType = sourcecode.swift; path = SceneDelegate.swift; sourceTree = "<group>"; };
		D5F769BF2AA8ED3D00EDE110 /* ViewController.swift */ = {isa = PBXFileReference; lastKnownFileType = sourcecode.swift; path = ViewController.swift; sourceTree = "<group>"; };
		D5F769C22AA8ED3D00EDE110 /* Base */ = {isa = PBXFileReference; lastKnownFileType = file.storyboard; name = Base; path = Base.lproj/Main.storyboard; sourceTree = "<group>"; };
		D5F769C42AA8ED4000EDE110 /* Assets.xcassets */ = {isa = PBXFileReference; lastKnownFileType = folder.assetcatalog; path = Assets.xcassets; sourceTree = "<group>"; };
		D5F769C72AA8ED4000EDE110 /* Base */ = {isa = PBXFileReference; lastKnownFileType = file.storyboard; name = Base; path = Base.lproj/LaunchScreen.storyboard; sourceTree = "<group>"; };
		D5F769C92AA8ED4000EDE110 /* Info.plist */ = {isa = PBXFileReference; lastKnownFileType = text.plist.xml; path = Info.plist; sourceTree = "<group>"; };
		D5F769D22AA8FDBA00EDE110 /* Animation.swift */ = {isa = PBXFileReference; lastKnownFileType = sourcecode.swift; path = Animation.swift; sourceTree = "<group>"; };
		D5F769D42AA8FDC400EDE110 /* DataStore.swift */ = {isa = PBXFileReference; lastKnownFileType = sourcecode.swift; path = DataStore.swift; sourceTree = "<group>"; };
/* End PBXFileReference section */

/* Begin PBXFrameworksBuildPhase section */
		D5F769B52AA8ED3D00EDE110 /* Frameworks */ = {
			isa = PBXFrameworksBuildPhase;
			buildActionMask = 2147483647;
			files = (
				D5F769D12AA8ED9F00EDE110 /* SpringAnimation in Frameworks */,
			);
			runOnlyForDeploymentPostprocessing = 0;
		};
/* End PBXFrameworksBuildPhase section */

/* Begin PBXGroup section */
		D5F769AF2AA8ED3D00EDE110 = {
			isa = PBXGroup;
			children = (
				D5F769BA2AA8ED3D00EDE110 /* RandomAnimationApp */,
				D5F769B92AA8ED3D00EDE110 /* Products */,
			);
			sourceTree = "<group>";
		};
		D5F769B92AA8ED3D00EDE110 /* Products */ = {
			isa = PBXGroup;
			children = (
				D5F769B82AA8ED3D00EDE110 /* RandomAnimationApp.app */,
			);
			name = Products;
			sourceTree = "<group>";
		};
		D5F769BA2AA8ED3D00EDE110 /* RandomAnimationApp */ = {
			isa = PBXGroup;
			children = (
				D5F769D82AA8FDF100EDE110 /* ViewControllers */,
				D5F769D72AA8FDD600EDE110 /* Model */,
				D5F769D62AA8FDCE00EDE110 /* Services */,
				D5F769DA2AA8FE9100EDE110 /* App */,
				D5F769D92AA8FE7F00EDE110 /* Storyboards */,
			);
			path = RandomAnimationApp;
			sourceTree = "<group>";
		};
		D5F769D62AA8FDCE00EDE110 /* Services */ = {
			isa = PBXGroup;
			children = (
				D5F769D42AA8FDC400EDE110 /* DataStore.swift */,
			);
			path = Services;
			sourceTree = "<group>";
		};
		D5F769D72AA8FDD600EDE110 /* Model */ = {
			isa = PBXGroup;
			children = (
				D5F769D22AA8FDBA00EDE110 /* Animation.swift */,
			);
			path = Model;
			sourceTree = "<group>";
		};
		D5F769D82AA8FDF100EDE110 /* ViewControllers */ = {
			isa = PBXGroup;
			children = (
				D5F769BF2AA8ED3D00EDE110 /* ViewController.swift */,
			);
			path = ViewControllers;
			sourceTree = "<group>";
		};
		D5F769D92AA8FE7F00EDE110 /* Storyboards */ = {
			isa = PBXGroup;
			children = (
				D5F769C62AA8ED4000EDE110 /* LaunchScreen.storyboard */,
				D5F769C12AA8ED3D00EDE110 /* Main.storyboard */,
			);
			path = Storyboards;
			sourceTree = "<group>";
		};
		D5F769DA2AA8FE9100EDE110 /* App */ = {
			isa = PBXGroup;
			children = (
				D5F769C42AA8ED4000EDE110 /* Assets.xcassets */,
				D5F769BB2AA8ED3D00EDE110 /* AppDelegate.swift */,
				D5F769BD2AA8ED3D00EDE110 /* SceneDelegate.swift */,
				D5F769C92AA8ED4000EDE110 /* Info.plist */,
			);
			path = App;
			sourceTree = "<group>";
		};
/* End PBXGroup section */

/* Begin PBXNativeTarget section */
		D5F769B72AA8ED3D00EDE110 /* RandomAnimationApp */ = {
			isa = PBXNativeTarget;
			buildConfigurationList = D5F769CC2AA8ED4000EDE110 /* Build configuration list for PBXNativeTarget "RandomAnimationApp" */;
			buildPhases = (
				D5F769B42AA8ED3D00EDE110 /* Sources */,
				D5F769B52AA8ED3D00EDE110 /* Frameworks */,
				D5F769B62AA8ED3D00EDE110 /* Resources */,
			);
			buildRules = (
			);
			dependencies = (
			);
			name = RandomAnimationApp;
			packageProductDependencies = (
				D5F769D02AA8ED9F00EDE110 /* SpringAnimation */,
			);
			productName = RandomAnimationApp;
			productReference = D5F769B82AA8ED3D00EDE110 /* RandomAnimationApp.app */;
			productType = "com.apple.product-type.application";
		};
/* End PBXNativeTarget section */

/* Begin PBXProject section */
		D5F769B02AA8ED3D00EDE110 /* Project object */ = {
			isa = PBXProject;
			attributes = {
				BuildIndependentTargetsInParallel = 1;
				LastSwiftUpdateCheck = 1430;
				LastUpgradeCheck = 1430;
				TargetAttributes = {
					D5F769B72AA8ED3D00EDE110 = {
						CreatedOnToolsVersion = 14.3.1;
					};
				};
			};
			buildConfigurationList = D5F769B32AA8ED3D00EDE110 /* Build configuration list for PBXProject "RandomAnimationApp" */;
			compatibilityVersion = "Xcode 14.0";
			developmentRegion = en;
			hasScannedForEncodings = 0;
			knownRegions = (
				en,
				Base,
			);
			mainGroup = D5F769AF2AA8ED3D00EDE110;
			packageReferences = (
				D5F769CF2AA8ED9F00EDE110 /* XCRemoteSwiftPackageReference "SpringAnimation" */,
			);
			productRefGroup = D5F769B92AA8ED3D00EDE110 /* Products */;
			projectDirPath = "";
			projectRoot = "";
			targets = (
				D5F769B72AA8ED3D00EDE110 /* RandomAnimationApp */,
			);
		};
/* End PBXProject section */

/* Begin PBXResourcesBuildPhase section */
		D5F769B62AA8ED3D00EDE110 /* Resources */ = {
			isa = PBXResourcesBuildPhase;
			buildActionMask = 2147483647;
			files = (
				D5F769C82AA8ED4000EDE110 /* LaunchScreen.storyboard in Resources */,
				D5F769C52AA8ED4000EDE110 /* Assets.xcassets in Resources */,
				D5F769C32AA8ED3D00EDE110 /* Main.storyboard in Resources */,
			);
			runOnlyForDeploymentPostprocessing = 0;
		};
/* End PBXResourcesBuildPhase section */

/* Begin PBXSourcesBuildPhase section */
		D5F769B42AA8ED3D00EDE110 /* Sources */ = {
			isa = PBXSourcesBuildPhase;
			buildActionMask = 2147483647;
			files = (
				D5F769C02AA8ED3D00EDE110 /* ViewController.swift in Sources */,
				D5F769BC2AA8ED3D00EDE110 /* AppDelegate.swift in Sources */,
				D5F769D32AA8FDBA00EDE110 /* Animation.swift in Sources */,
				D5F769D52AA8FDC400EDE110 /* DataStore.swift in Sources */,
				D5F769BE2AA8ED3D00EDE110 /* SceneDelegate.swift in Sources */,
			);
			runOnlyForDeploymentPostprocessing = 0;
		};
/* End PBXSourcesBuildPhase section */

/* Begin PBXVariantGroup section */
		D5F769C12AA8ED3D00EDE110 /* Main.storyboard */ = {
			isa = PBXVariantGroup;
			children = (
				D5F769C22AA8ED3D00EDE110 /* Base */,
			);
			name = Main.storyboard;
			sourceTree = "<group>";
		};
		D5F769C62AA8ED4000EDE110 /* LaunchScreen.storyboard */ = {
			isa = PBXVariantGroup;
			children = (
				D5F769C72AA8ED4000EDE110 /* Base */,
			);
			name = LaunchScreen.storyboard;
			sourceTree = "<group>";
		};
/* End PBXVariantGroup section */

/* Begin XCBuildConfiguration section */
		D5F769CA2AA8ED4000EDE110 /* Debug */ = {
			isa = XCBuildConfiguration;
			buildSettings = {
				ALWAYS_SEARCH_USER_PATHS = NO;
				CLANG_ANALYZER_NONNULL = YES;
				CLANG_ANALYZER_NUMBER_OBJECT_CONVERSION = YES_AGGRESSIVE;
				CLANG_CXX_LANGUAGE_STANDARD = "gnu++20";
				CLANG_ENABLE_MODULES = YES;
				CLANG_ENABLE_OBJC_ARC = YES;
				CLANG_ENABLE_OBJC_WEAK = YES;
				CLANG_WARN_BLOCK_CAPTURE_AUTORELEASING = YES;
				CLANG_WARN_BOOL_CONVERSION = YES;
				CLANG_WARN_COMMA = YES;
				CLANG_WARN_CONSTANT_CONVERSION = YES;
				CLANG_WARN_DEPRECATED_OBJC_IMPLEMENTATIONS = YES;
				CLANG_WARN_DIRECT_OBJC_ISA_USAGE = YES_ERROR;
				CLANG_WARN_DOCUMENTATION_COMMENTS = YES;
				CLANG_WARN_EMPTY_BODY = YES;
				CLANG_WARN_ENUM_CONVERSION = YES;
				CLANG_WARN_INFINITE_RECURSION = YES;
				CLANG_WARN_INT_CONVERSION = YES;
				CLANG_WARN_NON_LITERAL_NULL_CONVERSION = YES;
				CLANG_WARN_OBJC_IMPLICIT_RETAIN_SELF = YES;
				CLANG_WARN_OBJC_LITERAL_CONVERSION = YES;
				CLANG_WARN_OBJC_ROOT_CLASS = YES_ERROR;
				CLANG_WARN_QUOTED_INCLUDE_IN_FRAMEWORK_HEADER = YES;
				CLANG_WARN_RANGE_LOOP_ANALYSIS = YES;
				CLANG_WARN_STRICT_PROTOTYPES = YES;
				CLANG_WARN_SUSPICIOUS_MOVE = YES;
				CLANG_WARN_UNGUARDED_AVAILABILITY = YES_AGGRESSIVE;
				CLANG_WARN_UNREACHABLE_CODE = YES;
				CLANG_WARN__DUPLICATE_METHOD_MATCH = YES;
				COPY_PHASE_STRIP = NO;
				DEBUG_INFORMATION_FORMAT = dwarf;
				ENABLE_STRICT_OBJC_MSGSEND = YES;
				ENABLE_TESTABILITY = YES;
				GCC_C_LANGUAGE_STANDARD = gnu11;
				GCC_DYNAMIC_NO_PIC = NO;
				GCC_NO_COMMON_BLOCKS = YES;
				GCC_OPTIMIZATION_LEVEL = 0;
				GCC_PREPROCESSOR_DEFINITIONS = (
					"DEBUG=1",
					"$(inherited)",
				);
				GCC_WARN_64_TO_32_BIT_CONVERSION = YES;
				GCC_WARN_ABOUT_RETURN_TYPE = YES_ERROR;
				GCC_WARN_UNDECLARED_SELECTOR = YES;
				GCC_WARN_UNINITIALIZED_AUTOS = YES_AGGRESSIVE;
				GCC_WARN_UNUSED_FUNCTION = YES;
				GCC_WARN_UNUSED_VARIABLE = YES;
				IPHONEOS_DEPLOYMENT_TARGET = 16.4;
				MTL_ENABLE_DEBUG_INFO = INCLUDE_SOURCE;
				MTL_FAST_MATH = YES;
				ONLY_ACTIVE_ARCH = YES;
				SDKROOT = iphoneos;
				SWIFT_ACTIVE_COMPILATION_CONDITIONS = DEBUG;
				SWIFT_OPTIMIZATION_LEVEL = "-Onone";
			};
			name = Debug;
		};
		D5F769CB2AA8ED4000EDE110 /* Release */ = {
			isa = XCBuildConfiguration;
			buildSettings = {
				ALWAYS_SEARCH_USER_PATHS = NO;
				CLANG_ANALYZER_NONNULL = YES;
				CLANG_ANALYZER_NUMBER_OBJECT_CONVERSION = YES_AGGRESSIVE;
				CLANG_CXX_LANGUAGE_STANDARD = "gnu++20";
				CLANG_ENABLE_MODULES = YES;
				CLANG_ENABLE_OBJC_ARC = YES;
				CLANG_ENABLE_OBJC_WEAK = YES;
				CLANG_WARN_BLOCK_CAPTURE_AUTORELEASING = YES;
				CLANG_WARN_BOOL_CONVERSION = YES;
				CLANG_WARN_COMMA = YES;
				CLANG_WARN_CONSTANT_CONVERSION = YES;
				CLANG_WARN_DEPRECATED_OBJC_IMPLEMENTATIONS = YES;
				CLANG_WARN_DIRECT_OBJC_ISA_USAGE = YES_ERROR;
				CLANG_WARN_DOCUMENTATION_COMMENTS = YES;
				CLANG_WARN_EMPTY_BODY = YES;
				CLANG_WARN_ENUM_CONVERSION = YES;
				CLANG_WARN_INFINITE_RECURSION = YES;
				CLANG_WARN_INT_CONVERSION = YES;
				CLANG_WARN_NON_LITERAL_NULL_CONVERSION = YES;
				CLANG_WARN_OBJC_IMPLICIT_RETAIN_SELF = YES;
				CLANG_WARN_OBJC_LITERAL_CONVERSION = YES;
				CLANG_WARN_OBJC_ROOT_CLASS = YES_ERROR;
				CLANG_WARN_QUOTED_INCLUDE_IN_FRAMEWORK_HEADER = YES;
				CLANG_WARN_RANGE_LOOP_ANALYSIS = YES;
				CLANG_WARN_STRICT_PROTOTYPES = YES;
				CLANG_WARN_SUSPICIOUS_MOVE = YES;
				CLANG_WARN_UNGUARDED_AVAILABILITY = YES_AGGRESSIVE;
				CLANG_WARN_UNREACHABLE_CODE = YES;
				CLANG_WARN__DUPLICATE_METHOD_MATCH = YES;
				COPY_PHASE_STRIP = NO;
				DEBUG_INFORMATION_FORMAT = "dwarf-with-dsym";
				ENABLE_NS_ASSERTIONS = NO;
				ENABLE_STRICT_OBJC_MSGSEND = YES;
				GCC_C_LANGUAGE_STANDARD = gnu11;
				GCC_NO_COMMON_BLOCKS = YES;
				GCC_WARN_64_TO_32_BIT_CONVERSION = YES;
				GCC_WARN_ABOUT_RETURN_TYPE = YES_ERROR;
				GCC_WARN_UNDECLARED_SELECTOR = YES;
				GCC_WARN_UNINITIALIZED_AUTOS = YES_AGGRESSIVE;
				GCC_WARN_UNUSED_FUNCTION = YES;
				GCC_WARN_UNUSED_VARIABLE = YES;
				IPHONEOS_DEPLOYMENT_TARGET = 16.4;
				MTL_ENABLE_DEBUG_INFO = NO;
				MTL_FAST_MATH = YES;
				SDKROOT = iphoneos;
				SWIFT_COMPILATION_MODE = wholemodule;
				SWIFT_OPTIMIZATION_LEVEL = "-O";
				VALIDATE_PRODUCT = YES;
			};
			name = Release;
		};
		D5F769CD2AA8ED4000EDE110 /* Debug */ = {
			isa = XCBuildConfiguration;
			buildSettings = {
				ASSETCATALOG_COMPILER_APPICON_NAME = AppIcon;
				ASSETCATALOG_COMPILER_GLOBAL_ACCENT_COLOR_NAME = AccentColor;
				CODE_SIGN_STYLE = Automatic;
				CURRENT_PROJECT_VERSION = 1;
				DEVELOPMENT_TEAM = ZTCXV22DZB;
				GENERATE_INFOPLIST_FILE = YES;
				INFOPLIST_FILE = RandomAnimationApp/App/Info.plist;
				INFOPLIST_KEY_UIApplicationSupportsIndirectInputEvents = YES;
				INFOPLIST_KEY_UILaunchStoryboardName = LaunchScreen;
				INFOPLIST_KEY_UIMainStoryboardFile = Main;
				INFOPLIST_KEY_UISupportedInterfaceOrientations_iPad = "UIInterfaceOrientationPortrait UIInterfaceOrientationPortraitUpsideDown UIInterfaceOrientationLandscapeLeft UIInterfaceOrientationLandscapeRight";
				INFOPLIST_KEY_UISupportedInterfaceOrientations_iPhone = "UIInterfaceOrientationPortrait UIInterfaceOrientationLandscapeLeft UIInterfaceOrientationLandscapeRight";
				LD_RUNPATH_SEARCH_PATHS = (
					"$(inherited)",
					"@executable_path/Frameworks",
				);
				MARKETING_VERSION = 1.0;
				PRODUCT_BUNDLE_IDENTIFIER = vinogradov.al.kon.RandomAnimationApp;
				PRODUCT_NAME = "$(TARGET_NAME)";
				SWIFT_EMIT_LOC_STRINGS = YES;
				SWIFT_VERSION = 5.0;
				TARGETED_DEVICE_FAMILY = "1,2";
			};
			name = Debug;
		};
		D5F769CE2AA8ED4000EDE110 /* Release */ = {
			isa = XCBuildConfiguration;
			buildSettings = {
				ASSETCATALOG_COMPILER_APPICON_NAME = AppIcon;
				ASSETCATALOG_COMPILER_GLOBAL_ACCENT_COLOR_NAME = AccentColor;
				CODE_SIGN_STYLE = Automatic;
				CURRENT_PROJECT_VERSION = 1;
				DEVELOPMENT_TEAM = ZTCXV22DZB;
				GENERATE_INFOPLIST_FILE = YES;
				INFOPLIST_FILE = RandomAnimationApp/App/Info.plist;
				INFOPLIST_KEY_UIApplicationSupportsIndirectInputEvents = YES;
				INFOPLIST_KEY_UILaunchStoryboardName = LaunchScreen;
				INFOPLIST_KEY_UIMainStoryboardFile = Main;
				INFOPLIST_KEY_UISupportedInterfaceOrientations_iPad = "UIInterfaceOrientationPortrait UIInterfaceOrientationPortraitUpsideDown UIInterfaceOrientationLandscapeLeft UIInterfaceOrientationLandscapeRight";
				INFOPLIST_KEY_UISupportedInterfaceOrientations_iPhone = "UIInterfaceOrientationPortrait UIInterfaceOrientationLandscapeLeft UIInterfaceOrientationLandscapeRight";
				LD_RUNPATH_SEARCH_PATHS = (
					"$(inherited)",
					"@executable_path/Frameworks",
				);
				MARKETING_VERSION = 1.0;
				PRODUCT_BUNDLE_IDENTIFIER = vinogradov.al.kon.RandomAnimationApp;
				PRODUCT_NAME = "$(TARGET_NAME)";
				SWIFT_EMIT_LOC_STRINGS = YES;
				SWIFT_VERSION = 5.0;
				TARGETED_DEVICE_FAMILY = "1,2";
			};
			name = Release;
		};
/* End XCBuildConfiguration section */

/* Begin XCConfigurationList section */
		D5F769B32AA8ED3D00EDE110 /* Build configuration list for PBXProject "RandomAnimationApp" */ = {
			isa = XCConfigurationList;
			buildConfigurations = (
				D5F769CA2AA8ED4000EDE110 /* Debug */,
				D5F769CB2AA8ED4000EDE110 /* Release */,
			);
			defaultConfigurationIsVisible = 0;
			defaultConfigurationName = Release;
		};
		D5F769CC2AA8ED4000EDE110 /* Build configuration list for PBXNativeTarget "RandomAnimationApp" */ = {
			isa = XCConfigurationList;
			buildConfigurations = (
				D5F769CD2AA8ED4000EDE110 /* Debug */,
				D5F769CE2AA8ED4000EDE110 /* Release */,
			);
			defaultConfigurationIsVisible = 0;
			defaultConfigurationName = Release;
		};
/* End XCConfigurationList section */

/* Begin XCRemoteSwiftPackageReference section */
		D5F769CF2AA8ED9F00EDE110 /* XCRemoteSwiftPackageReference "SpringAnimation" */ = {
			isa = XCRemoteSwiftPackageReference;
			repositoryURL = "https://github.com/LexDeBash/SpringAnimation.git";
			requirement = {
				kind = upToNextMajorVersion;
				minimumVersion = 0.3.0;
			};
		};
/* End XCRemoteSwiftPackageReference section */

/* Begin XCSwiftPackageProductDependency section */
		D5F769D02AA8ED9F00EDE110 /* SpringAnimation */ = {
			isa = XCSwiftPackageProductDependency;
			package = D5F769CF2AA8ED9F00EDE110 /* XCRemoteSwiftPackageReference "SpringAnimation" */;
			productName = SpringAnimation;
		};
/* End XCSwiftPackageProductDependency section */
	};
	rootObject = D5F769B02AA8ED3D00EDE110 /* Project object */;
}
